
Microsoft Visual Studio Solution File, Format Version 12.00
# Visual Studio Version 16
VisualStudioVersion = 16.0.31515.178
MinimumVisualStudioVersion = 10.0.40219.1
Project("{888888A0-9F3D-457C-B088-3A5042F75D52}") = "TemperatureConversion", "TemperatureConversion.pyproj", "{65BC8E75-5642-4805-9824-58A45671E64C}"
EndProject
Global
	GlobalSection(SolutionConfigurationPlatforms) = preSolution
		Debug|Any CPU = Debug|Any CPU
		Release|Any CPU = Release|Any CPU
	EndGlobalSection
	GlobalSection(ProjectConfigurationPlatforms) = postSolution
		{65BC8E75-5642-4805-9824-58A45671E64C}.Debug|Any CPU.ActiveCfg = Debug|Any CPU
		{65BC8E75-5642-4805-9824-58A45671E64C}.Release|Any CPU.ActiveCfg = Release|Any CPU
	EndGlobalSection
	GlobalSection(SolutionProperties) = preSolution
		HideSolutionNode = FALSE
	EndGlobalSection
	GlobalSection(ExtensibilityGlobals) = postSolution
		SolutionGuid = {43BF9948-6651-4817-9FBF-2CDA42EBF821}
	EndGlobalSection
EndGlobal
